Microsoft Visual Studio Solution File, Format Version 12.00
# Visual Studio Version 17
VisualStudioVersion = 17.13.35605.110
MinimumVisualStudioVersion = 10.0.40219.1
Project("{FAE04EC0-301F-11D3-BF4B-00C04F79EFBC}") = "Compiler.Core.Sharp", "Compiler.Core.Sharp\Compiler.Core.Sharp.csproj", "{EC78B702-C37E-8EAB-6A01-25DAD78EAA29}"
EndProject
Project("{FAE04EC0-301F-11D3-BF4B-00C04F79EFBC}") = "Compiler.Generators", "Compiler.Generators\Compiler.Generators.csproj", "{5881434F-4D8A-40D0-BA8F-3955FAD598D5}"
EndProject
Global
	GlobalSection(SolutionConfigurationPlatforms) = preSolution
		Debug|Any CPU = Debug|Any CPU
		Release|Any CPU = Release|Any CPU
	EndGlobalSection
	GlobalSection(ProjectConfigurationPlatforms) = postSolution
		{EC78B702-C37E-8EAB-6A01-25DAD78EAA29}.Debug|Any CPU.ActiveCfg = Debug|Any CPU
		{EC78B702-C37E-8EAB-6A01-25DAD78EAA29}.Debug|Any CPU.Build.0 = Debug|Any CPU
		{EC78B702-C37E-8EAB-6A01-25DAD78EAA29}.Release|Any CPU.ActiveCfg = Release|Any CPU
		{EC78B702-C37E-8EAB-6A01-25DAD78EAA29}.Release|Any CPU.Build.0 = Release|Any CPU
		{5881434F-4D8A-40D0-BA8F-3955FAD598D5}.Debug|Any CPU.ActiveCfg = Debug|Any CPU
		{5881434F-4D8A-40D0-BA8F-3955FAD598D5}.Debug|Any CPU.Build.0 = Debug|Any CPU
		{5881434F-4D8A-40D0-BA8F-3955FAD598D5}.Release|Any CPU.ActiveCfg = Release|Any CPU
		{5881434F-4D8A-40D0-BA8F-3955FAD598D5}.Release|Any CPU.Build.0 = Release|Any CPU
	EndGlobalSection
	GlobalSection(SolutionProperties) = preSolution
		HideSolutionNode = FALSE
	EndGlobalSection
	GlobalSection(ExtensibilityGlobals) = postSolution
		SolutionGuid = {2696180D-FC06-4567-A8AE-838A1D64B929}
	EndGlobalSection
EndGlobal
